
Microsoft Visual Studio Solution File, Format Version 12.00
# Visual Studio Version 17
VisualStudioVersion = 17.9.34723.18
MinimumVisualStudioVersion = 10.0.40219.1
Project("{8BC9CEB8-8B4A-11D0-8D11-00A0C91BC942}") = "課題1", "課題1\課題1.vcxproj", "{07A3A579-7699-4342-B6F8-A6741B9D6F52}"
EndProject
Project("{8BC9CEB8-8B4A-11D0-8D11-00A0C91BC942}") = "課題2", "課題2\課題2.vcxproj", "{B5839481-BAA2-441B-8FFE-3DC66DC0423B}"
EndProject
Project("{8BC9CEB8-8B4A-11D0-8D11-00A0C91BC942}") = "課題3", "課題3\課題3.vcxproj", "{8D0D700B-AB96-4D17-BCE5-B2FC5E59AA4A}"
EndProject
Project("{8BC9CEB8-8B4A-11D0-8D11-00A0C91BC942}") = "課題4", "課題4\課題4.vcxproj", "{36C1E83B-637D-4E1F-A430-B993873B38AD}"
EndProject
Project("{8BC9CEB8-8B4A-11D0-8D11-00A0C91BC942}") = "課題5", "課題5\課題5.vcxproj", "{55E3D79E-1533-4459-B215-D4B42DF3CDBB}"
EndProject
Project("{8BC9CEB8-8B4A-11D0-8D11-00A0C91BC942}") = "課題6", "課題６\課題６.vcxproj", "{80BECD81-E6E9-4193-97AC-E1060C69DB9A}"
EndProject
Project("{8BC9CEB8-8B4A-11D0-8D11-00A0C91BC942}") = "課題7", "課題７\課題７.vcxproj", "{BF32B87B-88C2-4078-B9DD-B45EEBC64991}"
EndProject
Project("{8BC9CEB8-8B4A-11D0-8D11-00A0C91BC942}") = "課題8", "課題8\課題8.vcxproj", "{820FAC22-2179-4698-938C-67E79A0C4148}"
EndProject
Project("{8BC9CEB8-8B4A-11D0-8D11-00A0C91BC942}") = "課題9", "課題9\課題9.vcxproj", "{C670069E-53D9-4221-8350-19BBFC1930E4}"
EndProject
Project("{8BC9CEB8-8B4A-11D0-8D11-00A0C91BC942}") = "課題10", "課題10\課題10.vcxproj", "{87E1928A-D7D5-486D-B651-E342A52EC333}"
EndProject
Project("{8BC9CEB8-8B4A-11D0-8D11-00A0C91BC942}") = "課題12", "課題12\課題12.vcxproj", "{DD089A63-24A7-47D7-8C1A-70131C10DA99}"
EndProject
Project("{8BC9CEB8-8B4A-11D0-8D11-00A0C91BC942}") = "課題13", "課題13\課題13.vcxproj", "{6DA4931F-9616-43E8-A7BD-330BDDF6B51E}"
EndProject
Project("{8BC9CEB8-8B4A-11D0-8D11-00A0C91BC942}") = "課題15", "課題15\課題15.vcxproj", "{3094C385-E2A9-4B99-BA8A-9AA6ED6AB167}"
EndProject
Project("{8BC9CEB8-8B4A-11D0-8D11-00A0C91BC942}") = "課題16", "課題16\課題16.vcxproj", "{4ADB847D-7A9A-4D4F-8BA3-DA9ACE2FD030}"
EndProject
Project("{8BC9CEB8-8B4A-11D0-8D11-00A0C91BC942}") = "課題14", "課題14\課題14.vcxproj", "{1A6E326E-68B0-459C-9D8F-C3768F93C38E}"
EndProject
Global
	GlobalSection(SolutionConfigurationPlatforms) = preSolution
		Debug|x64 = Debug|x64
		Debug|x86 = Debug|x86
		Release|x64 = Release|x64
		Release|x86 = Release|x86
	EndGlobalSection
	GlobalSection(ProjectConfigurationPlatforms) = postSolution
		{07A3A579-7699-4342-B6F8-A6741B9D6F52}.Debug|x64.ActiveCfg = Debug|x64
		{07A3A579-7699-4342-B6F8-A6741B9D6F52}.Debug|x64.Build.0 = Debug|x64
		{07A3A579-7699-4342-B6F8-A6741B9D6F52}.Debug|x86.ActiveCfg = Debug|Win32
		{07A3A579-7699-4342-B6F8-A6741B9D6F52}.Debug|x86.Build.0 = Debug|Win32
		{07A3A579-7699-4342-B6F8-A6741B9D6F52}.Release|x64.ActiveCfg = Release|x64
		{07A3A579-7699-4342-B6F8-A6741B9D6F52}.Release|x64.Build.0 = Release|x64
		{07A3A579-7699-4342-B6F8-A6741B9D6F52}.Release|x86.ActiveCfg = Release|Win32
		{07A3A579-7699-4342-B6F8-A6741B9D6F52}.Release|x86.Build.0 = Release|Win32
		{B5839481-BAA2-441B-8FFE-3DC66DC0423B}.Debug|x64.ActiveCfg = Debug|x64
		{B5839481-BAA2-441B-8FFE-3DC66DC0423B}.Debug|x64.Build.0 = Debug|x64
		{B5839481-BAA2-441B-8FFE-3DC66DC0423B}.Debug|x86.ActiveCfg = Debug|Win32
		{B5839481-BAA2-441B-8FFE-3DC66DC0423B}.Debug|x86.Build.0 = Debug|Win32
		{B5839481-BAA2-441B-8FFE-3DC66DC0423B}.Release|x64.ActiveCfg = Release|x64
		{B5839481-BAA2-441B-8FFE-3DC66DC0423B}.Release|x64.Build.0 = Release|x64
		{B5839481-BAA2-441B-8FFE-3DC66DC0423B}.Release|x86.ActiveCfg = Release|Win32
		{B5839481-BAA2-441B-8FFE-3DC66DC0423B}.Release|x86.Build.0 = Release|Win32
		{8D0D700B-AB96-4D17-BCE5-B2FC5E59AA4A}.Debug|x64.ActiveCfg = Debug|x64
		{8D0D700B-AB96-4D17-BCE5-B2FC5E59AA4A}.Debug|x64.Build.0 = Debug|x64
		{8D0D700B-AB96-4D17-BCE5-B2FC5E59AA4A}.Debug|x86.ActiveCfg = Debug|Win32
		{8D0D700B-AB96-4D17-BCE5-B2FC5E59AA4A}.Debug|x86.Build.0 = Debug|Win32
		{8D0D700B-AB96-4D17-BCE5-B2FC5E59AA4A}.Release|x64.ActiveCfg = Release|x64
		{8D0D700B-AB96-4D17-BCE5-B2FC5E59AA4A}.Release|x64.Build.0 = Release|x64
		{8D0D700B-AB96-4D17-BCE5-B2FC5E59AA4A}.Release|x86.ActiveCfg = Release|Win32
		{8D0D700B-AB96-4D17-BCE5-B2FC5E59AA4A}.Release|x86.Build.0 = Release|Win32
		{36C1E83B-637D-4E1F-A430-B993873B38AD}.Debug|x64.ActiveCfg = Debug|x64
		{36C1E83B-637D-4E1F-A430-B993873B38AD}.Debug|x64.Build.0 = Debug|x64
		{36C1E83B-637D-4E1F-A430-B993873B38AD}.Debug|x86.ActiveCfg = Debug|Win32
		{36C1E83B-637D-4E1F-A430-B993873B38AD}.Debug|x86.Build.0 = Debug|Win32
		{36C1E83B-637D-4E1F-A430-B993873B38AD}.Release|x64.ActiveCfg = Release|x64
		{36C1E83B-637D-4E1F-A430-B993873B38AD}.Release|x64.Build.0 = Release|x64
		{36C1E83B-637D-4E1F-A430-B993873B38AD}.Release|x86.ActiveCfg = Release|Win32
		{36C1E83B-637D-4E1F-A430-B993873B38AD}.Release|x86.Build.0 = Release|Win32
		{55E3D79E-1533-4459-B215-D4B42DF3CDBB}.Debug|x64.ActiveCfg = Debug|x64
		{55E3D79E-1533-4459-B215-D4B42DF3CDBB}.Debug|x64.Build.0 = Debug|x64
		{55E3D79E-1533-4459-B215-D4B42DF3CDBB}.Debug|x86.ActiveCfg = Debug|Win32
		{55E3D79E-1533-4459-B215-D4B42DF3CDBB}.Debug|x86.Build.0 = Debug|Win32
		{55E3D79E-1533-4459-B215-D4B42DF3CDBB}.Release|x64.ActiveCfg = Release|x64
		{55E3D79E-1533-4459-B215-D4B42DF3CDBB}.Release|x64.Build.0 = Release|x64
		{55E3D79E-1533-4459-B215-D4B42DF3CDBB}.Release|x86.ActiveCfg = Release|Win32
		{55E3D79E-1533-4459-B215-D4B42DF3CDBB}.Release|x86.Build.0 = Release|Win32
		{80BECD81-E6E9-4193-97AC-E1060C69DB9A}.Debug|x64.ActiveCfg = Debug|x64
		{80BECD81-E6E9-4193-97AC-E1060C69DB9A}.Debug|x64.Build.0 = Debug|x64
		{80BECD81-E6E9-4193-97AC-E1060C69DB9A}.Debug|x86.ActiveCfg = Debug|Win32
		{80BECD81-E6E9-4193-97AC-E1060C69DB9A}.Debug|x86.Build.0 = Debug|Win32
		{80BECD81-E6E9-4193-97AC-E1060C69DB9A}.Release|x64.ActiveCfg = Release|x64
		{80BECD81-E6E9-4193-97AC-E1060C69DB9A}.Release|x64.Build.0 = Release|x64
		{80BECD81-E6E9-4193-97AC-E1060C69DB9A}.Release|x86.ActiveCfg = Release|Win32
		{80BECD81-E6E9-4193-97AC-E1060C69DB9A}.Release|x86.Build.0 = Release|Win32
		{BF32B87B-88C2-4078-B9DD-B45EEBC64991}.Debug|x64.ActiveCfg = Debug|x64
		{BF32B87B-88C2-4078-B9DD-B45EEBC64991}.Debug|x64.Build.0 = Debug|x64
		{BF32B87B-88C2-4078-B9DD-B45EEBC64991}.Debug|x86.ActiveCfg = Debug|Win32
		{BF32B87B-88C2-4078-B9DD-B45EEBC64991}.Debug|x86.Build.0 = Debug|Win32
		{BF32B87B-88C2-4078-B9DD-B45EEBC64991}.Release|x64.ActiveCfg = Release|x64
		{BF32B87B-88C2-4078-B9DD-B45EEBC64991}.Release|x64.Build.0 = Release|x64
		{BF32B87B-88C2-4078-B9DD-B45EEBC64991}.Release|x86.ActiveCfg = Release|Win32
		{BF32B87B-88C2-4078-B9DD-B45EEBC64991}.Release|x86.Build.0 = Release|Win32
		{820FAC22-2179-4698-938C-67E79A0C4148}.Debug|x64.ActiveCfg = Debug|x64
		{820FAC22-2179-4698-938C-67E79A0C4148}.Debug|x64.Build.0 = Debug|x64
		{820FAC22-2179-4698-938C-67E79A0C4148}.Debug|x86.ActiveCfg = Debug|Win32
		{820FAC22-2179-4698-938C-67E79A0C4148}.Debug|x86.Build.0 = Debug|Win32
		{820FAC22-2179-4698-938C-67E79A0C4148}.Release|x64.ActiveCfg = Release|x64
		{820FAC22-2179-4698-938C-67E79A0C4148}.Release|x64.Build.0 = Release|x64
		{820FAC22-2179-4698-938C-67E79A0C4148}.Release|x86.ActiveCfg = Release|Win32
		{820FAC22-2179-4698-938C-67E79A0C4148}.Release|x86.Build.0 = Release|Win32
		{C670069E-53D9-4221-8350-19BBFC1930E4}.Debug|x64.ActiveCfg = Debug|x64
		{C670069E-53D9-4221-8350-19BBFC1930E4}.Debug|x64.Build.0 = Debug|x64
		{C670069E-53D9-4221-8350-19BBFC1930E4}.Debug|x86.ActiveCfg = Debug|Win32
		{C670069E-53D9-4221-8350-19BBFC1930E4}.Debug|x86.Build.0 = Debug|Win32
		{C670069E-53D9-4221-8350-19BBFC1930E4}.Release|x64.ActiveCfg = Release|x64
		{C670069E-53D9-4221-8350-19BBFC1930E4}.Release|x64.Build.0 = Release|x64
		{C670069E-53D9-4221-8350-19BBFC1930E4}.Release|x86.ActiveCfg = Release|Win32
		{C670069E-53D9-4221-8350-19BBFC1930E4}.Release|x86.Build.0 = Release|Win32
		{87E1928A-D7D5-486D-B651-E342A52EC333}.Debug|x64.ActiveCfg = Debug|x64
		{87E1928A-D7D5-486D-B651-E342A52EC333}.Debug|x64.Build.0 = Debug|x64
		{87E1928A-D7D5-486D-B651-E342A52EC333}.Debug|x86.ActiveCfg = Debug|Win32
		{87E1928A-D7D5-486D-B651-E342A52EC333}.Debug|x86.Build.0 = Debug|Win32
		{87E1928A-D7D5-486D-B651-E342A52EC333}.Release|x64.ActiveCfg = Release|x64
		{87E1928A-D7D5-486D-B651-E342A52EC333}.Release|x64.Build.0 = Release|x64
		{87E1928A-D7D5-486D-B651-E342A52EC333}.Release|x86.ActiveCfg = Release|Win32
		{87E1928A-D7D5-486D-B651-E342A52EC333}.Release|x86.Build.0 = Release|Win32
		{DD089A63-24A7-47D7-8C1A-70131C10DA99}.Debug|x64.ActiveCfg = Debug|x64
		{DD089A63-24A7-47D7-8C1A-70131C10DA99}.Debug|x64.Build.0 = Debug|x64
		{DD089A63-24A7-47D7-8C1A-70131C10DA99}.Debug|x86.ActiveCfg = Debug|Win32
		{DD089A63-24A7-47D7-8C1A-70131C10DA99}.Debug|x86.Build.0 = Debug|Win32
		{DD089A63-24A7-47D7-8C1A-70131C10DA99}.Release|x64.ActiveCfg = Release|x64
		{DD089A63-24A7-47D7-8C1A-70131C10DA99}.Release|x64.Build.0 = Release|x64
		{DD089A63-24A7-47D7-8C1A-70131C10DA99}.Release|x86.ActiveCfg = Release|Win32
		{DD089A63-24A7-47D7-8C1A-70131C10DA99}.Release|x86.Build.0 = Release|Win32
		{6DA4931F-9616-43E8-A7BD-330BDDF6B51E}.Debug|x64.ActiveCfg = Debug|x64
		{6DA4931F-9616-43E8-A7BD-330BDDF6B51E}.Debug|x64.Build.0 = Debug|x64
		{6DA4931F-9616-43E8-A7BD-330BDDF6B51E}.Debug|x86.ActiveCfg = Debug|Win32
		{6DA4931F-9616-43E8-A7BD-330BDDF6B51E}.Debug|x86.Build.0 = Debug|Win32
		{6DA4931F-9616-43E8-A7BD-330BDDF6B51E}.Release|x64.ActiveCfg = Release|x64
		{6DA4931F-9616-43E8-A7BD-330BDDF6B51E}.Release|x64.Build.0 = Release|x64
		{6DA4931F-9616-43E8-A7BD-330BDDF6B51E}.Release|x86.ActiveCfg = Release|Win32
		{6DA4931F-9616-43E8-A7BD-330BDDF6B51E}.Release|x86.Build.0 = Release|Win32
		{3094C385-E2A9-4B99-BA8A-9AA6ED6AB167}.Debug|x64.ActiveCfg = Debug|x64
		{3094C385-E2A9-4B99-BA8A-9AA6ED6AB167}.Debug|x64.Build.0 = Debug|x64
		{3094C385-E2A9-4B99-BA8A-9AA6ED6AB167}.Debug|x86.ActiveCfg = Debug|Win32
		{3094C385-E2A9-4B99-BA8A-9AA6ED6AB167}.Debug|x86.Build.0 = Debug|Win32
		{3094C385-E2A9-4B99-BA8A-9AA6ED6AB167}.Release|x64.ActiveCfg = Release|x64
		{3094C385-E2A9-4B99-BA8A-9AA6ED6AB167}.Release|x64.Build.0 = Release|x64
		{3094C385-E2A9-4B99-BA8A-9AA6ED6AB167}.Release|x86.ActiveCfg = Release|Win32
		{3094C385-E2A9-4B99-BA8A-9AA6ED6AB167}.Release|x86.Build.0 = Release|Win32
		{4ADB847D-7A9A-4D4F-8BA3-DA9ACE2FD030}.Debug|x64.ActiveCfg = Debug|x64
		{4ADB847D-7A9A-4D4F-8BA3-DA9ACE2FD030}.Debug|x64.Build.0 = Debug|x64
		{4ADB847D-7A9A-4D4F-8BA3-DA9ACE2FD030}.Debug|x86.ActiveCfg = Debug|Win32
		{4ADB847D-7A9A-4D4F-8BA3-DA9ACE2FD030}.Debug|x86.Build.0 = Debug|Win32
		{4ADB847D-7A9A-4D4F-8BA3-DA9ACE2FD030}.Release|x64.ActiveCfg = Release|x64
		{4ADB847D-7A9A-4D4F-8BA3-DA9ACE2FD030}.Release|x64.Build.0 = Release|x64
		{4ADB847D-7A9A-4D4F-8BA3-DA9ACE2FD030}.Release|x86.ActiveCfg = Release|Win32
		{4ADB847D-7A9A-4D4F-8BA3-DA9ACE2FD030}.Release|x86.Build.0 = Release|Win32
		{1A6E326E-68B0-459C-9D8F-C3768F93C38E}.Debug|x64.ActiveCfg = Debug|x64
		{1A6E326E-68B0-459C-9D8F-C3768F93C38E}.Debug|x64.Build.0 = Debug|x64
		{1A6E326E-68B0-459C-9D8F-C3768F93C38E}.Debug|x86.ActiveCfg = Debug|Win32
		{1A6E326E-68B0-459C-9D8F-C3768F93C38E}.Debug|x86.Build.0 = Debug|Win32
		{1A6E326E-68B0-459C-9D8F-C3768F93C38E}.Release|x64.ActiveCfg = Release|x64
		{1A6E326E-68B0-459C-9D8F-C3768F93C38E}.Release|x64.Build.0 = Release|x64
		{1A6E326E-68B0-459C-9D8F-C3768F93C38E}.Release|x86.ActiveCfg = Release|Win32
		{1A6E326E-68B0-459C-9D8F-C3768F93C38E}.Release|x86.Build.0 = Release|Win32
	EndGlobalSection
	GlobalSection(SolutionProperties) = preSolution
		HideSolutionNode = FALSE
	EndGlobalSection
	GlobalSection(ExtensibilityGlobals) = postSolution
		SolutionGuid = {53FC8D61-3590-4487-9A0B-7F5F621C1251}
	EndGlobalSection
EndGlobal
